# THIS IS AN AUTOGENERATED FILE. DO NOT EDIT THIS FILE DIRECTLY.
# yarn lockfile v1


"@coders-tm/vue-number-format@^3.3.1":
  version "3.13.0"
  resolved "https://registry.yarnpkg.com/@coders-tm/vue-number-format/-/vue-number-format-3.13.0.tgz#848b87342117e0020cede68bbaa5a03b5cc51935"
  integrity sha512-BTE9+llp8ExN7GH+wU0O72KXoZdn1+0EJQig8nnbikJU4HLDOwgp/gkPKTwYzopBmCNnOYWsCauTMeWEJoPmcw==
