# THIS IS AN AUTOGENERATED FILE. DO NOT EDIT THIS FILE DIRECTLY.
# yarn lockfile v1


"@coders-tm/vue-number-format@^3.30.0":
  version "3.30.0"
  resolved "https://registry.yarnpkg.com/@coders-tm/vue-number-format/-/vue-number-format-3.30.0.tgz#fba837f44a7a77b41805e5485e5623e6138027e9"
  integrity sha512-UpfW5EWXwxN8P/AuXXq1BfGVet7bd+4475/SidMwgKgeNRZgcdVF1aBy+U/fws1n78sOBPPHsfkexCNJNtjncw==
